
Microsoft Visual Studio Solution File, Format Version 12.00
# Visual Studio Version 16
VisualStudioVersion = 16.0.29102.190
MinimumVisualStudioVersion = 10.0.40219.1
Project("{2150E333-8FDC-42A3-9474-1A3956D46DE8}") = "Easy", "LeetCode\Easy", "{AAAEFDFA-EF64-4205-88E7-87ED1EA9A206}"
EndProject
Project("{FAE04EC0-301F-11D3-BF4B-00C04F79EFBC}") = "SummaryRanges", "LeetCode\Easy\SummaryRanges\SummaryRanges.csproj", "{76207B8F-AD4F-4BA5-9B53-28880DCCE7FB}"
EndProject
Project("{FAE04EC0-301F-11D3-BF4B-00C04F79EFBC}") = "CoveredIntegers", "LeetCode\Easy\CoveredIntegers\CoveredIntegers.csproj", "{5668DD6B-1AEF-4626-9F38-EA1271630C6C}"
EndProject
Project("{FAE04EC0-301F-11D3-BF4B-00C04F79EFBC}") = "ElementalWords", "Codewars\4 kyu\ElementalWords\ElementalWords.csproj", "{5D8093AC-83BF-4A99-BB1D-A0A391DBD7C0}"
EndProject
Project("{2150E333-8FDC-42A3-9474-1A3956D46DE8}") = "LeetCode", "LeetCode", "{DE37CBE9-592D-4137-BA25-472BCEAF8EC6}"
EndProject
Project("{2150E333-8FDC-42A3-9474-1A3956D46DE8}") = "Codewars", "Codewars", "{13EA1B5C-248D-4324-A4C4-5D1AD94D1679}"
EndProject
Project("{2150E333-8FDC-42A3-9474-1A3956D46DE8}") = "4 kyu", "Codewars\4 kyu", "{2E46F498-ED28-41D0-9CF7-F2D1A0E786FB}"
EndProject
Project("{2150E333-8FDC-42A3-9474-1A3956D46DE8}") = "6 kyu", "6 kyu", "{87D57437-1811-487C-86FA-AC0674E7E361}"
EndProject
Project("{FAE04EC0-301F-11D3-BF4B-00C04F79EFBC}") = "MatrixAddition", "Codewars\MatrixAddition\MatrixAddition.csproj", "{EA408C60-297E-4BBF-8237-7AF3B91DCA47}"
EndProject
Project("{2150E333-8FDC-42A3-9474-1A3956D46DE8}") = "5 kyu", "5 kyu", "{590873BA-32BF-42CD-9440-A500C5355E1F}"
EndProject
Project("{FAE04EC0-301F-11D3-BF4B-00C04F79EFBC}") = "DirectionsReduction", "Codewars\DirectionsReduction\DirectionsReduction.csproj", "{82F9C0AF-6C31-48CA-9356-D46B09C8DCFC}"
EndProject
Project("{FAE04EC0-301F-11D3-BF4B-00C04F79EFBC}") = "MissingKeyMadness", "Codewars\MissingKeyMadness\MissingKeyMadness.csproj", "{635C45CE-BB43-4C7B-B0DC-EEA4AD6CC3F0}"
EndProject
Project("{FAE04EC0-301F-11D3-BF4B-00C04F79EFBC}") = "LastDigitSymmetry", "Codewars\LastDigitSymmetry\LastDigitSymmetry.csproj", "{41A0F161-94B2-45A1-856C-DF72F798D9CE}"
EndProject
Project("{FAE04EC0-301F-11D3-BF4B-00C04F79EFBC}") = "MaximumSubarraySum", "Codewars\MaximumSubarraySum\MaximumSubarraySum.csproj", "{A72237D6-FCCE-47EA-9D37-68D3BA047584}"
EndProject
Project("{FAE04EC0-301F-11D3-BF4B-00C04F79EFBC}") = "MovingZeroesToEnd", "Codewars\MovingZeroesToEnd\MovingZeroesToEnd.csproj", "{4F046A59-D66D-4075-A909-BF4CC2E53831}"
EndProject
Global
	GlobalSection(SolutionConfigurationPlatforms) = preSolution
		Debug|Any CPU = Debug|Any CPU
		Release|Any CPU = Release|Any CPU
	EndGlobalSection
	GlobalSection(ProjectConfigurationPlatforms) = postSolution
		{76207B8F-AD4F-4BA5-9B53-28880DCCE7FB}.Debug|Any CPU.ActiveCfg = Debug|Any CPU
		{76207B8F-AD4F-4BA5-9B53-28880DCCE7FB}.Debug|Any CPU.Build.0 = Debug|Any CPU
		{76207B8F-AD4F-4BA5-9B53-28880DCCE7FB}.Release|Any CPU.ActiveCfg = Release|Any CPU
		{76207B8F-AD4F-4BA5-9B53-28880DCCE7FB}.Release|Any CPU.Build.0 = Release|Any CPU
		{5668DD6B-1AEF-4626-9F38-EA1271630C6C}.Debug|Any CPU.ActiveCfg = Debug|Any CPU
		{5668DD6B-1AEF-4626-9F38-EA1271630C6C}.Debug|Any CPU.Build.0 = Debug|Any CPU
		{5668DD6B-1AEF-4626-9F38-EA1271630C6C}.Release|Any CPU.ActiveCfg = Release|Any CPU
		{5668DD6B-1AEF-4626-9F38-EA1271630C6C}.Release|Any CPU.Build.0 = Release|Any CPU
		{5D8093AC-83BF-4A99-BB1D-A0A391DBD7C0}.Debug|Any CPU.ActiveCfg = Debug|Any CPU
		{5D8093AC-83BF-4A99-BB1D-A0A391DBD7C0}.Debug|Any CPU.Build.0 = Debug|Any CPU
		{5D8093AC-83BF-4A99-BB1D-A0A391DBD7C0}.Release|Any CPU.ActiveCfg = Release|Any CPU
		{5D8093AC-83BF-4A99-BB1D-A0A391DBD7C0}.Release|Any CPU.Build.0 = Release|Any CPU
		{EA408C60-297E-4BBF-8237-7AF3B91DCA47}.Debug|Any CPU.ActiveCfg = Debug|Any CPU
		{EA408C60-297E-4BBF-8237-7AF3B91DCA47}.Debug|Any CPU.Build.0 = Debug|Any CPU
		{EA408C60-297E-4BBF-8237-7AF3B91DCA47}.Release|Any CPU.ActiveCfg = Release|Any CPU
		{EA408C60-297E-4BBF-8237-7AF3B91DCA47}.Release|Any CPU.Build.0 = Release|Any CPU
		{82F9C0AF-6C31-48CA-9356-D46B09C8DCFC}.Debug|Any CPU.ActiveCfg = Debug|Any CPU
		{82F9C0AF-6C31-48CA-9356-D46B09C8DCFC}.Debug|Any CPU.Build.0 = Debug|Any CPU
		{82F9C0AF-6C31-48CA-9356-D46B09C8DCFC}.Release|Any CPU.ActiveCfg = Release|Any CPU
		{82F9C0AF-6C31-48CA-9356-D46B09C8DCFC}.Release|Any CPU.Build.0 = Release|Any CPU
		{635C45CE-BB43-4C7B-B0DC-EEA4AD6CC3F0}.Debug|Any CPU.ActiveCfg = Debug|Any CPU
		{635C45CE-BB43-4C7B-B0DC-EEA4AD6CC3F0}.Debug|Any CPU.Build.0 = Debug|Any CPU
		{635C45CE-BB43-4C7B-B0DC-EEA4AD6CC3F0}.Release|Any CPU.ActiveCfg = Release|Any CPU
		{635C45CE-BB43-4C7B-B0DC-EEA4AD6CC3F0}.Release|Any CPU.Build.0 = Release|Any CPU
		{41A0F161-94B2-45A1-856C-DF72F798D9CE}.Debug|Any CPU.ActiveCfg = Debug|Any CPU
		{41A0F161-94B2-45A1-856C-DF72F798D9CE}.Debug|Any CPU.Build.0 = Debug|Any CPU
		{41A0F161-94B2-45A1-856C-DF72F798D9CE}.Release|Any CPU.ActiveCfg = Release|Any CPU
		{41A0F161-94B2-45A1-856C-DF72F798D9CE}.Release|Any CPU.Build.0 = Release|Any CPU
		{A72237D6-FCCE-47EA-9D37-68D3BA047584}.Debug|Any CPU.ActiveCfg = Debug|Any CPU
		{A72237D6-FCCE-47EA-9D37-68D3BA047584}.Debug|Any CPU.Build.0 = Debug|Any CPU
		{A72237D6-FCCE-47EA-9D37-68D3BA047584}.Release|Any CPU.ActiveCfg = Release|Any CPU
		{A72237D6-FCCE-47EA-9D37-68D3BA047584}.Release|Any CPU.Build.0 = Release|Any CPU
		{4F046A59-D66D-4075-A909-BF4CC2E53831}.Debug|Any CPU.ActiveCfg = Debug|Any CPU
		{4F046A59-D66D-4075-A909-BF4CC2E53831}.Debug|Any CPU.Build.0 = Debug|Any CPU
		{4F046A59-D66D-4075-A909-BF4CC2E53831}.Release|Any CPU.ActiveCfg = Release|Any CPU
		{4F046A59-D66D-4075-A909-BF4CC2E53831}.Release|Any CPU.Build.0 = Release|Any CPU
	EndGlobalSection
	GlobalSection(SolutionProperties) = preSolution
		HideSolutionNode = FALSE
	EndGlobalSection
	GlobalSection(ExtensibilityGlobals) = postSolution
		SolutionGuid = {523497C4-79B9-4318-B097-9541A4DB6087}
	EndGlobalSection
	GlobalSection(NestedProjects) = preSolution
		{15A51A94-7F1E-4740-8520-A7120E5DA37D} = {AAAEFDFA-EF64-4205-88E7-87ED1EA9A206}
		{7CF4832D-E2F5-4FC0-A71B-7A3E3DDF3656} = {AAAEFDFA-EF64-4205-88E7-87ED1EA9A206}
		{AAAEFDFA-EF64-4205-88E7-87ED1EA9A206} = {DE37CBE9-592D-4137-BA25-472BCEAF8EC6}
		{2E46F498-ED28-41D0-9CF7-F2D1A0E786FB} = {13EA1B5C-248D-4324-A4C4-5D1AD94D1679}
		{5D8093AC-83BF-4A99-BB1D-A0A391DBD7C0} = {2E46F498-ED28-41D0-9CF7-F2D1A0E786FB}
		{87D57437-1811-487C-86FA-AC0674E7E361} = {13EA1B5C-248D-4324-A4C4-5D1AD94D1679}
		{5668DD6B-1AEF-4626-9F38-EA1271630C6C} = {AAAEFDFA-EF64-4205-88E7-87ED1EA9A206}
		{76207B8F-AD4F-4BA5-9B53-28880DCCE7FB} = {AAAEFDFA-EF64-4205-88E7-87ED1EA9A206}
		{EA408C60-297E-4BBF-8237-7AF3B91DCA47} = {87D57437-1811-487C-86FA-AC0674E7E361}
		{590873BA-32BF-42CD-9440-A500C5355E1F} = {13EA1B5C-248D-4324-A4C4-5D1AD94D1679}
		{82F9C0AF-6C31-48CA-9356-D46B09C8DCFC} = {590873BA-32BF-42CD-9440-A500C5355E1F}
		{635C45CE-BB43-4C7B-B0DC-EEA4AD6CC3F0} = {590873BA-32BF-42CD-9440-A500C5355E1F}
		{41A0F161-94B2-45A1-856C-DF72F798D9CE} = {87D57437-1811-487C-86FA-AC0674E7E361}
		{A72237D6-FCCE-47EA-9D37-68D3BA047584} = {590873BA-32BF-42CD-9440-A500C5355E1F}
		{4F046A59-D66D-4075-A909-BF4CC2E53831} = {590873BA-32BF-42CD-9440-A500C5355E1F}
	EndGlobalSection
EndGlobal
